
Microsoft Visual Studio Solution File, Format Version 12.00
# Visual Studio Version 17
VisualStudioVersion = 17.6.33606.364
MinimumVisualStudioVersion = 10.0.40219.1
Project("{9A19103F-16F7-4668-BE54-9A1E7A4F7556}") = "StudentManagement3Tier", "StudentManagement3Tier\StudentManagement3Tier.csproj", "{836C81CC-D060-485C-A42F-23A73496D801}"
EndProject
Project("{9A19103F-16F7-4668-BE54-9A1E7A4F7556}") = "StudentManagement.Services", "StudentManagement.Services\StudentManagement.Services.csproj", "{00D78933-0BC0-4D9D-8150-244841CA709A}"
EndProject
Project("{9A19103F-16F7-4668-BE54-9A1E7A4F7556}") = "StudentManagement.DAL", "StudentManagement.DAL\StudentManagement.DAL.csproj", "{EFF15F7B-E428-4ECF-9B18-CF66F059C426}"
EndProject
Project("{9A19103F-16F7-4668-BE54-9A1E7A4F7556}") = "StudentManagement.Commons", "StudentManagement.Commons\StudentManagement.Commons.csproj", "{6D1FED1D-0015-4E83-B7D5-A8FBF6EC9854}"
EndProject
Project("{FAE04EC0-301F-11D3-BF4B-00C04F79EFBC}") = "StudentManagement.Helpers", "StudentManagement.Helpers\StudentManagement.Helpers.csproj", "{D117C040-A7CE-4A89-80B1-58AD312DF712}"
EndProject
Global
	GlobalSection(SolutionConfigurationPlatforms) = preSolution
		Debug|Any CPU = Debug|Any CPU
		Release|Any CPU = Release|Any CPU
	EndGlobalSection
	GlobalSection(ProjectConfigurationPlatforms) = postSolution
		{836C81CC-D060-485C-A42F-23A73496D801}.Debug|Any CPU.ActiveCfg = Debug|Any CPU
		{836C81CC-D060-485C-A42F-23A73496D801}.Debug|Any CPU.Build.0 = Debug|Any CPU
		{836C81CC-D060-485C-A42F-23A73496D801}.Release|Any CPU.ActiveCfg = Release|Any CPU
		{836C81CC-D060-485C-A42F-23A73496D801}.Release|Any CPU.Build.0 = Release|Any CPU
		{00D78933-0BC0-4D9D-8150-244841CA709A}.Debug|Any CPU.ActiveCfg = Debug|Any CPU
		{00D78933-0BC0-4D9D-8150-244841CA709A}.Debug|Any CPU.Build.0 = Debug|Any CPU
		{00D78933-0BC0-4D9D-8150-244841CA709A}.Release|Any CPU.ActiveCfg = Release|Any CPU
		{00D78933-0BC0-4D9D-8150-244841CA709A}.Release|Any CPU.Build.0 = Release|Any CPU
		{EFF15F7B-E428-4ECF-9B18-CF66F059C426}.Debug|Any CPU.ActiveCfg = Debug|Any CPU
		{EFF15F7B-E428-4ECF-9B18-CF66F059C426}.Debug|Any CPU.Build.0 = Debug|Any CPU
		{EFF15F7B-E428-4ECF-9B18-CF66F059C426}.Release|Any CPU.ActiveCfg = Release|Any CPU
		{EFF15F7B-E428-4ECF-9B18-CF66F059C426}.Release|Any CPU.Build.0 = Release|Any CPU
		{6D1FED1D-0015-4E83-B7D5-A8FBF6EC9854}.Debug|Any CPU.ActiveCfg = Debug|Any CPU
		{6D1FED1D-0015-4E83-B7D5-A8FBF6EC9854}.Debug|Any CPU.Build.0 = Debug|Any CPU
		{6D1FED1D-0015-4E83-B7D5-A8FBF6EC9854}.Release|Any CPU.ActiveCfg = Release|Any CPU
		{6D1FED1D-0015-4E83-B7D5-A8FBF6EC9854}.Release|Any CPU.Build.0 = Release|Any CPU
		{D117C040-A7CE-4A89-80B1-58AD312DF712}.Debug|Any CPU.ActiveCfg = Debug|Any CPU
		{D117C040-A7CE-4A89-80B1-58AD312DF712}.Debug|Any CPU.Build.0 = Debug|Any CPU
		{D117C040-A7CE-4A89-80B1-58AD312DF712}.Release|Any CPU.ActiveCfg = Release|Any CPU
		{D117C040-A7CE-4A89-80B1-58AD312DF712}.Release|Any CPU.Build.0 = Release|Any CPU
	EndGlobalSection
	GlobalSection(SolutionProperties) = preSolution
		HideSolutionNode = FALSE
	EndGlobalSection
	GlobalSection(ExtensibilityGlobals) = postSolution
		SolutionGuid = {8F79076F-E8EA-43EB-AA45-A37A3C5400F6}
	EndGlobalSection
EndGlobal
